
Microsoft Visual Studio Solution File, Format Version 12.00
# Visual Studio Version 17
VisualStudioVersion = 17.10.34928.147
MinimumVisualStudioVersion = 10.0.40219.1
Project("{FAE04EC0-301F-11D3-BF4B-00C04F79EFBC}") = "Member.Domain", "Member.Domain\Member.Domain.csproj", "{E1998E15-6D95-45B2-9252-4D47596FA839}"
EndProject
Project("{FAE04EC0-301F-11D3-BF4B-00C04F79EFBC}") = "Member.Application", "Member.Application\Member.Application.csproj", "{35C06FCF-D329-4DE8-BE00-9E48532DFAA5}"
EndProject
Project("{FAE04EC0-301F-11D3-BF4B-00C04F79EFBC}") = "Member.Infrastructure", "Member.Infrastructure\Member.Infrastructure.csproj", "{C3F2A0D8-97BA-47DC-BA4B-B95B7CF8CB5A}"
EndProject
Project("{FAE04EC0-301F-11D3-BF4B-00C04F79EFBC}") = "Member.Api", "Member.Api\Member.Api.csproj", "{685DBAF3-9919-4629-AB5B-2B235892658E}"
EndProject
Global
	GlobalSection(SolutionConfigurationPlatforms) = preSolution
		Debug|Any CPU = Debug|Any CPU
		Release|Any CPU = Release|Any CPU
	EndGlobalSection
	GlobalSection(ProjectConfigurationPlatforms) = postSolution
		{E1998E15-6D95-45B2-9252-4D47596FA839}.Debug|Any CPU.ActiveCfg = Debug|Any CPU
		{E1998E15-6D95-45B2-9252-4D47596FA839}.Debug|Any CPU.Build.0 = Debug|Any CPU
		{E1998E15-6D95-45B2-9252-4D47596FA839}.Release|Any CPU.ActiveCfg = Release|Any CPU
		{E1998E15-6D95-45B2-9252-4D47596FA839}.Release|Any CPU.Build.0 = Release|Any CPU
		{35C06FCF-D329-4DE8-BE00-9E48532DFAA5}.Debug|Any CPU.ActiveCfg = Debug|Any CPU
		{35C06FCF-D329-4DE8-BE00-9E48532DFAA5}.Debug|Any CPU.Build.0 = Debug|Any CPU
		{35C06FCF-D329-4DE8-BE00-9E48532DFAA5}.Release|Any CPU.ActiveCfg = Release|Any CPU
		{35C06FCF-D329-4DE8-BE00-9E48532DFAA5}.Release|Any CPU.Build.0 = Release|Any CPU
		{C3F2A0D8-97BA-47DC-BA4B-B95B7CF8CB5A}.Debug|Any CPU.ActiveCfg = Debug|Any CPU
		{C3F2A0D8-97BA-47DC-BA4B-B95B7CF8CB5A}.Debug|Any CPU.Build.0 = Debug|Any CPU
		{C3F2A0D8-97BA-47DC-BA4B-B95B7CF8CB5A}.Release|Any CPU.ActiveCfg = Release|Any CPU
		{C3F2A0D8-97BA-47DC-BA4B-B95B7CF8CB5A}.Release|Any CPU.Build.0 = Release|Any CPU
		{685DBAF3-9919-4629-AB5B-2B235892658E}.Debug|Any CPU.ActiveCfg = Debug|Any CPU
		{685DBAF3-9919-4629-AB5B-2B235892658E}.Debug|Any CPU.Build.0 = Debug|Any CPU
		{685DBAF3-9919-4629-AB5B-2B235892658E}.Release|Any CPU.ActiveCfg = Release|Any CPU
		{685DBAF3-9919-4629-AB5B-2B235892658E}.Release|Any CPU.Build.0 = Release|Any CPU
	EndGlobalSection
	GlobalSection(SolutionProperties) = preSolution
		HideSolutionNode = FALSE
	EndGlobalSection
	GlobalSection(ExtensibilityGlobals) = postSolution
		SolutionGuid = {5BBED70D-568A-4C0D-A642-4F107B46151F}
	EndGlobalSection
EndGlobal
